
Microsoft Visual Studio Solution File, Format Version 12.00
# Visual Studio Version 16
VisualStudioVersion = 16.0.29609.76
MinimumVisualStudioVersion = 10.0.40219.1
Project("{FAE04EC0-301F-11D3-BF4B-00C04F79EFBC}") = "NetworkJitter", "NetworkJitter\NetworkJitter.csproj", "{6750A747-C410-4E7B-BD03-5DD506AEF33A}"
EndProject
Global
	GlobalSection(SolutionConfigurationPlatforms) = preSolution
		Debug|Any CPU = Debug|Any CPU
		Release|Any CPU = Release|Any CPU
	EndGlobalSection
	GlobalSection(ProjectConfigurationPlatforms) = postSolution
		{6750A747-C410-4E7B-BD03-5DD506AEF33A}.Debug|Any CPU.ActiveCfg = Debug|Any CPU
		{6750A747-C410-4E7B-BD03-5DD506AEF33A}.Debug|Any CPU.Build.0 = Debug|Any CPU
		{6750A747-C410-4E7B-BD03-5DD506AEF33A}.Release|Any CPU.ActiveCfg = Release|Any CPU
		{6750A747-C410-4E7B-BD03-5DD506AEF33A}.Release|Any CPU.Build.0 = Release|Any CPU
	EndGlobalSection
	GlobalSection(SolutionProperties) = preSolution
		HideSolutionNode = FALSE
	EndGlobalSection
	GlobalSection(ExtensibilityGlobals) = postSolution
		SolutionGuid = {6EEC9461-271E-4028-9B72-81BE68A16F0C}
	EndGlobalSection
EndGlobal
